PODS:
  - SnapKit (4.2.0)
  - ZYTool (0.0.1):
    - SnapKit

DEPENDENCIES:
  - ZYTool (from `../`)

SPEC REPOS:
  trunk:
    - SnapKit

EXTERNAL SOURCES:
  ZYTool:
    :path: "../"

SPEC CHECKSUMS:
  SnapKit: fe8a619752f3f27075cc9a90244d75c6c3f27e2a
  ZYTool: 7cd77500532bb64b6c01edcf679457894c9d7f7f

PODFILE CHECKSUM: 6c397e2fd702a6852526fb51d648a77ff02c0d2e

COCOAPODS: 1.11.2
